
Microsoft Visual Studio Solution File, Format Version 12.00
# Visual Studio Version 17
VisualStudioVersion = 17.2.32602.215
MinimumVisualStudioVersion = 10.0.40219.1
Project("{FAE04EC0-301F-11D3-BF4B-00C04F79EFBC}") = "ReverseString", "ReverseString\ReverseString.csproj", "{C5A5AD7A-9F23-4C92-944D-1C6364902E1D}"
EndProject
Global
	GlobalSection(SolutionConfigurationPlatforms) = preSolution
		Debug|Any CPU = Debug|Any CPU
		Release|Any CPU = Release|Any CPU
	EndGlobalSection
	GlobalSection(ProjectConfigurationPlatforms) = postSolution
		{C5A5AD7A-9F23-4C92-944D-1C6364902E1D}.Debug|Any CPU.ActiveCfg = Debug|Any CPU
		{C5A5AD7A-9F23-4C92-944D-1C6364902E1D}.Debug|Any CPU.Build.0 = Debug|Any CPU
		{C5A5AD7A-9F23-4C92-944D-1C6364902E1D}.Release|Any CPU.ActiveCfg = Release|Any CPU
		{C5A5AD7A-9F23-4C92-944D-1C6364902E1D}.Release|Any CPU.Build.0 = Release|Any CPU
	EndGlobalSection
	GlobalSection(SolutionProperties) = preSolution
		HideSolutionNode = FALSE
	EndGlobalSection
	GlobalSection(ExtensibilityGlobals) = postSolution
		SolutionGuid = {836C927D-E911-45A6-8AE0-AFC3F2E081FF}
	EndGlobalSection
EndGlobal
